
Microsoft Visual Studio Solution File, Format Version 12.00
# Visual Studio Version 17
VisualStudioVersion = 17.0.31903.59
MinimumVisualStudioVersion = 10.0.40219.1
Project("{2150E333-8FDC-42A3-9474-1A3956D46DE8}") = "src", "src", "{CD3E9CC6-AB9D-4D05-AC10-D16F729888E6}"
EndProject
Project("{FAE04EC0-301F-11D3-BF4B-00C04F79EFBC}") = "LDI12.Core", "src\LDI12.Core\LDI12.Core.csproj", "{058C5B8C-8404-4510-95A4-AD07A361AA77}"
EndProject
Project("{FAE04EC0-301F-11D3-BF4B-00C04F79EFBC}") = "LDI12.Platform", "src\LDI12.Platform\LDI12.Platform.csproj", "{21C2B5B2-8AF9-44E9-8DA5-C03D28C6C279}"
EndProject
Project("{FAE04EC0-301F-11D3-BF4B-00C04F79EFBC}") = "LDI12.Collectors", "src\LDI12.Collectors\LDI12.Collectors.csproj", "{2B47AF22-4DEE-4727-A78F-31319E5261DA}"
EndProject
Project("{FAE04EC0-301F-11D3-BF4B-00C04F79EFBC}") = "LDI12.Engine", "src\LDI12.Engine\LDI12.Engine.csproj", "{3281332D-D1F7-45B4-BC26-EE9C2887DDF9}"
EndProject
Project("{FAE04EC0-301F-11D3-BF4B-00C04F79EFBC}") = "LDI12.Reports", "src\LDI12.Reports\LDI12.Reports.csproj", "{7913CEF9-C2F7-4696-89BA-E5A179E703CA}"
EndProject
Project("{FAE04EC0-301F-11D3-BF4B-00C04F79EFBC}") = "LDI12.Actions", "src\LDI12.Actions\LDI12.Actions.csproj", "{9A4E1D77-3C58-4F26-9B0E-5E7F2A61C4D3}"
EndProject
Project("{FAE04EC0-301F-11D3-BF4B-00C04F79EFBC}") = "LDI12.ProbeHost", "src\LDI12.ProbeHost\LDI12.ProbeHost.csproj", "{FFB87E00-0E2A-4401-9233-96639AECBBF6}"
EndProject
Project("{FAE04EC0-301F-11D3-BF4B-00C04F79EFBC}") = "LDI12.Publishing.Klarvi", "src\LDI12.Publishing.Klarvi\LDI12.Publishing.Klarvi.csproj", "{7C1D5A94-2F63-4E1B-9D0A-8B4E6F2C7A15}"
EndProject
Project("{FAE04EC0-301F-11D3-BF4B-00C04F79EFBC}") = "LDI12.Updates", "src\LDI12.Updates\LDI12.Updates.csproj", "{2E7A9C41-6B85-4D3F-A0C2-9F1D5E8B7340}"
EndProject
Project("{2150E333-8FDC-42A3-9474-1A3956D46DE8}") = "tests", "tests", "{30337E8D-E8BB-4D0D-AAAD-CF1F3D40F0EC}"
EndProject
Project("{FAE04EC0-301F-11D3-BF4B-00C04F79EFBC}") = "LDI12.Tests", "tests\LDI12.Tests\LDI12.Tests.csproj", "{CBAF5C1F-FB76-495A-B84F-2A29892E6879}"
EndProject
Project("{FAE04EC0-301F-11D3-BF4B-00C04F79EFBC}") = "LDI12.App", "src\LDI12.App\LDI12.App.csproj", "{37D780ED-A875-469E-97B8-46BE3A9CFAA7}"
EndProject
Global
	GlobalSection(SolutionConfigurationPlatforms) = preSolution
		Debug|Any CPU = Debug|Any CPU
		Release|Any CPU = Release|Any CPU
	EndGlobalSection
	GlobalSection(SolutionProperties) = preSolution
		HideSolutionNode = FALSE
	EndGlobalSection
	GlobalSection(ProjectConfigurationPlatforms) = postSolution
		{058C5B8C-8404-4510-95A4-AD07A361AA77}.Debug|Any CPU.ActiveCfg = Debug|Any CPU
		{058C5B8C-8404-4510-95A4-AD07A361AA77}.Debug|Any CPU.Build.0 = Debug|Any CPU
		{058C5B8C-8404-4510-95A4-AD07A361AA77}.Release|Any CPU.ActiveCfg = Release|Any CPU
		{058C5B8C-8404-4510-95A4-AD07A361AA77}.Release|Any CPU.Build.0 = Release|Any CPU
		{21C2B5B2-8AF9-44E9-8DA5-C03D28C6C279}.Debug|Any CPU.ActiveCfg = Debug|Any CPU
		{21C2B5B2-8AF9-44E9-8DA5-C03D28C6C279}.Debug|Any CPU.Build.0 = Debug|Any CPU
		{21C2B5B2-8AF9-44E9-8DA5-C03D28C6C279}.Release|Any CPU.ActiveCfg = Release|Any CPU
		{21C2B5B2-8AF9-44E9-8DA5-C03D28C6C279}.Release|Any CPU.Build.0 = Release|Any CPU
		{2B47AF22-4DEE-4727-A78F-31319E5261DA}.Debug|Any CPU.ActiveCfg = Debug|Any CPU
		{2B47AF22-4DEE-4727-A78F-31319E5261DA}.Debug|Any CPU.Build.0 = Debug|Any CPU
		{2B47AF22-4DEE-4727-A78F-31319E5261DA}.Release|Any CPU.ActiveCfg = Release|Any CPU
		{2B47AF22-4DEE-4727-A78F-31319E5261DA}.Release|Any CPU.Build.0 = Release|Any CPU
		{3281332D-D1F7-45B4-BC26-EE9C2887DDF9}.Debug|Any CPU.ActiveCfg = Debug|Any CPU
		{3281332D-D1F7-45B4-BC26-EE9C2887DDF9}.Debug|Any CPU.Build.0 = Debug|Any CPU
		{3281332D-D1F7-45B4-BC26-EE9C2887DDF9}.Release|Any CPU.ActiveCfg = Release|Any CPU
		{3281332D-D1F7-45B4-BC26-EE9C2887DDF9}.Release|Any CPU.Build.0 = Release|Any CPU
		{7913CEF9-C2F7-4696-89BA-E5A179E703CA}.Debug|Any CPU.ActiveCfg = Debug|Any CPU
		{7913CEF9-C2F7-4696-89BA-E5A179E703CA}.Debug|Any CPU.Build.0 = Debug|Any CPU
		{7913CEF9-C2F7-4696-89BA-E5A179E703CA}.Release|Any CPU.ActiveCfg = Release|Any CPU
		{7913CEF9-C2F7-4696-89BA-E5A179E703CA}.Release|Any CPU.Build.0 = Release|Any CPU
		{9A4E1D77-3C58-4F26-9B0E-5E7F2A61C4D3}.Debug|Any CPU.ActiveCfg = Debug|Any CPU
		{9A4E1D77-3C58-4F26-9B0E-5E7F2A61C4D3}.Debug|Any CPU.Build.0 = Debug|Any CPU
		{9A4E1D77-3C58-4F26-9B0E-5E7F2A61C4D3}.Release|Any CPU.ActiveCfg = Release|Any CPU
		{9A4E1D77-3C58-4F26-9B0E-5E7F2A61C4D3}.Release|Any CPU.Build.0 = Release|Any CPU
		{FFB87E00-0E2A-4401-9233-96639AECBBF6}.Debug|Any CPU.ActiveCfg = Debug|Any CPU
		{7C1D5A94-2F63-4E1B-9D0A-8B4E6F2C7A15}.Debug|Any CPU.ActiveCfg = Debug|Any CPU
		{2E7A9C41-6B85-4D3F-A0C2-9F1D5E8B7340}.Debug|Any CPU.ActiveCfg = Debug|Any CPU
		{FFB87E00-0E2A-4401-9233-96639AECBBF6}.Debug|Any CPU.Build.0 = Debug|Any CPU
		{7C1D5A94-2F63-4E1B-9D0A-8B4E6F2C7A15}.Debug|Any CPU.Build.0 = Debug|Any CPU
		{2E7A9C41-6B85-4D3F-A0C2-9F1D5E8B7340}.Debug|Any CPU.Build.0 = Debug|Any CPU
		{FFB87E00-0E2A-4401-9233-96639AECBBF6}.Release|Any CPU.ActiveCfg = Release|Any CPU
		{7C1D5A94-2F63-4E1B-9D0A-8B4E6F2C7A15}.Release|Any CPU.ActiveCfg = Release|Any CPU
		{2E7A9C41-6B85-4D3F-A0C2-9F1D5E8B7340}.Release|Any CPU.ActiveCfg = Release|Any CPU
		{FFB87E00-0E2A-4401-9233-96639AECBBF6}.Release|Any CPU.Build.0 = Release|Any CPU
		{7C1D5A94-2F63-4E1B-9D0A-8B4E6F2C7A15}.Release|Any CPU.Build.0 = Release|Any CPU
		{2E7A9C41-6B85-4D3F-A0C2-9F1D5E8B7340}.Release|Any CPU.Build.0 = Release|Any CPU
		{CBAF5C1F-FB76-495A-B84F-2A29892E6879}.Debug|Any CPU.ActiveCfg = Debug|Any CPU
		{CBAF5C1F-FB76-495A-B84F-2A29892E6879}.Debug|Any CPU.Build.0 = Debug|Any CPU
		{CBAF5C1F-FB76-495A-B84F-2A29892E6879}.Release|Any CPU.ActiveCfg = Release|Any CPU
		{CBAF5C1F-FB76-495A-B84F-2A29892E6879}.Release|Any CPU.Build.0 = Release|Any CPU
		{37D780ED-A875-469E-97B8-46BE3A9CFAA7}.Debug|Any CPU.ActiveCfg = Debug|Any CPU
		{37D780ED-A875-469E-97B8-46BE3A9CFAA7}.Debug|Any CPU.Build.0 = Debug|Any CPU
		{37D780ED-A875-469E-97B8-46BE3A9CFAA7}.Release|Any CPU.ActiveCfg = Release|Any CPU
		{37D780ED-A875-469E-97B8-46BE3A9CFAA7}.Release|Any CPU.Build.0 = Release|Any CPU
	EndGlobalSection
	GlobalSection(NestedProjects) = preSolution
		{058C5B8C-8404-4510-95A4-AD07A361AA77} = {CD3E9CC6-AB9D-4D05-AC10-D16F729888E6}
		{21C2B5B2-8AF9-44E9-8DA5-C03D28C6C279} = {CD3E9CC6-AB9D-4D05-AC10-D16F729888E6}
		{2B47AF22-4DEE-4727-A78F-31319E5261DA} = {CD3E9CC6-AB9D-4D05-AC10-D16F729888E6}
		{3281332D-D1F7-45B4-BC26-EE9C2887DDF9} = {CD3E9CC6-AB9D-4D05-AC10-D16F729888E6}
		{7913CEF9-C2F7-4696-89BA-E5A179E703CA} = {CD3E9CC6-AB9D-4D05-AC10-D16F729888E6}
		{9A4E1D77-3C58-4F26-9B0E-5E7F2A61C4D3} = {CD3E9CC6-AB9D-4D05-AC10-D16F729888E6}
		{FFB87E00-0E2A-4401-9233-96639AECBBF6} = {CD3E9CC6-AB9D-4D05-AC10-D16F729888E6}
		{7C1D5A94-2F63-4E1B-9D0A-8B4E6F2C7A15} = {CD3E9CC6-AB9D-4D05-AC10-D16F729888E6}
		{CBAF5C1F-FB76-495A-B84F-2A29892E6879} = {30337E8D-E8BB-4D0D-AAAD-CF1F3D40F0EC}
		{37D780ED-A875-469E-97B8-46BE3A9CFAA7} = {CD3E9CC6-AB9D-4D05-AC10-D16F729888E6}
	EndGlobalSection
EndGlobal
